// !$*UTF8*$!
{
	archiveVersion = 1;
	classes = {
	};
	objectVersion = 46;
	objects = {

/* Begin PBXBuildFile section */
		B53DDB741F4C022B00F207F7 /* main.m in Sources */ = {isa = PBXBuildFile; fileRef = B53DDB731F4C022B00F207F7 /* main.m */; };
		B53DDB771F4C022B00F207F7 /* AppDelegate.m in Sources */ = {isa = PBXBuildFile; fileRef = B53DDB761F4C022B00F207F7 /* AppDelegate.m */; };
		B53DDB7A1F4C022B00F207F7 /* ViewController.m in Sources */ = {isa = PBXBuildFile; fileRef = B53DDB791F4C022B00F207F7 /* ViewController.m */; };
		B53DDB7D1F4C022C00F207F7 /* Main.storyboard in Resources */ = {isa = PBXBuildFile; fileRef = B53DDB7B1F4C022C00F207F7 /* Main.storyboard */; };
		B53DDB7F1F4C022C00F207F7 /* Assets.xcassets in Resources */ = {isa = PBXBuildFile; fileRef = B53DDB7E1F4C022C00F207F7 /* Assets.xcassets */; };
		B53DDB821F4C022C00F207F7 /* LaunchScreen.storyboard in Resources */ = {isa = PBXBuildFile; fileRef = B53DDB801F4C022C00F207F7 /* LaunchScreen.storyboard */; };
		B53DDB8D1F4C022C00F207F7 /* HappyAppointmentTaxiTests.m in Sources */ = {isa = PBXBuildFile; fileRef = B53DDB8C1F4C022C00F207F7 /* HappyAppointmentTaxiTests.m */; };
		B53DDB981F4C022C00F207F7 /* HappyAppointmentTaxiUITests.m in Sources */ = {isa = PBXBuildFile; fileRef = B53DDB971F4C022C00F207F7 /* HappyAppointmentTaxiUITests.m */; };
/* End PBXBuildFile section */

/* Begin PBXContainerItemProxy section */
		B53DDB891F4C022C00F207F7 /* PBXContainerItemProxy */ = {
			isa = PBXContainerItemProxy;
			containerPortal = B53DDB671F4C022B00F207F7 /* Project object */;
			proxyType = 1;
			remoteGlobalIDString = B53DDB6E1F4C022B00F207F7;
			remoteInfo = HappyAppointmentTaxi;
		};
		B53DDB941F4C022C00F207F7 /* PBXContainerItemProxy */ = {
			isa = PBXContainerItemProxy;
			containerPortal = B53DDB671F4C022B00F207F7 /* Project object */;
			proxyType = 1;
			remoteGlobalIDString = B53DDB6E1F4C022B00F207F7;
			remoteInfo = HappyAppointmentTaxi;
		};
/* End PBXContainerItemProxy section */

/* Begin PBXFileReference section */
		B53DDB6F1F4C022B00F207F7 /* HappyAppointmentTaxi.app */ = {isa = PBXFileReference; explicitFileType = wrapper.application; includeInIndex = 0; path = HappyAppointmentTaxi.app; sourceTree = BUILT_PRODUCTS_DIR; };
		B53DDB731F4C022B00F207F7 /* main.m */ = {isa = PBXFileReference; lastKnownFileType = sourcecode.c.objc; path = main.m; sourceTree = "<group>"; };
		B53DDB751F4C022B00F207F7 /* AppDelegate.h */ = {isa = PBXFileReference; lastKnownFileType = sourcecode.c.h; path = AppDelegate.h; sourceTree = "<group>"; };
		B53DDB761F4C022B00F207F7 /* AppDelegate.m */ = {isa = PBXFileReference; lastKnownFileType = sourcecode.c.objc; path = AppDelegate.m; sourceTree = "<group>"; };
		B53DDB781F4C022B00F207F7 /* ViewController.h */ = {isa = PBXFileReference; lastKnownFileType = sourcecode.c.h; path = ViewController.h; sourceTree = "<group>"; };
		B53DDB791F4C022B00F207F7 /* ViewController.m */ = {isa = PBXFileReference; lastKnownFileType = sourcecode.c.objc; path = ViewController.m; sourceTree = "<group>"; };
		B53DDB7C1F4C022C00F207F7 /* Base */ = {isa = PBXFileReference; lastKnownFileType = file.storyboard; name = Base; path = Base.lproj/Main.storyboard; sourceTree = "<group>"; };
		B53DDB7E1F4C022C00F207F7 /* Assets.xcassets */ = {isa = PBXFileReference; lastKnownFileType = folder.assetcatalog; path = Assets.xcassets; sourceTree = "<group>"; };
		B53DDB811F4C022C00F207F7 /* Base */ = {isa = PBXFileReference; lastKnownFileType = file.storyboard; name = Base; path = Base.lproj/LaunchScreen.storyboard; sourceTree = "<group>"; };
		B53DDB831F4C022C00F207F7 /* Info.plist */ = {isa = PBXFileReference; lastKnownFileType = text.plist.xml; path = Info.plist; sourceTree = "<group>"; };
		B53DDB881F4C022C00F207F7 /* HappyAppointmentTaxiTests.xctest */ = {isa = PBXFileReference; explicitFileType = wrapper.cfbundle; includeInIndex = 0; path = HappyAppointmentTaxiTests.xctest; sourceTree = BUILT_PRODUCTS_DIR; };
		B53DDB8C1F4C022C00F207F7 /* HappyAppointmentTaxiTests.m */ = {isa = PBXFileReference; lastKnownFileType = sourcecode.c.objc; path = HappyAppointmentTaxiTests.m; sourceTree = "<group>"; };
		B53DDB8E1F4C022C00F207F7 /* Info.plist */ = {isa = PBXFileReference; lastKnownFileType = text.plist.xml; path = Info.plist; sourceTree = "<group>"; };
		B53DDB931F4C022C00F207F7 /* HappyAppointmentTaxiUITests.xctest */ = {isa = PBXFileReference; explicitFileType = wrapper.cfbundle; includeInIndex = 0; path = HappyAppointmentTaxiUITests.xctest; sourceTree = BUILT_PRODUCTS_DIR; };
		B53DDB971F4C022C00F207F7 /* HappyAppointmentTaxiUITests.m */ = {isa = PBXFileReference; lastKnownFileType = sourcecode.c.objc; path = HappyAppointmentTaxiUITests.m; sourceTree = "<group>"; };
		B53DDB991F4C022C00F207F7 /* Info.plist */ = {isa = PBXFileReference; lastKnownFileType = text.plist.xml; path = Info.plist; sourceTree = "<group>"; };
/* End PBXFileReference section */

/* Begin PBXFrameworksBuildPhase section */
		B53DDB6C1F4C022B00F207F7 /* Frameworks */ = {
			isa = PBXFrameworksBuildPhase;
			buildActionMask = 2147483647;
			files = (
			);
			runOnlyForDeploymentPostprocessing = 0;
		};
		B53DDB851F4C022C00F207F7 /* Frameworks */ = {
			isa = PBXFrameworksBuildPhase;
			buildActionMask = 2147483647;
			files = (
			);
			runOnlyForDeploymentPostprocessing = 0;
		};
		B53DDB901F4C022C00F207F7 /* Frameworks */ = {
			isa = PBXFrameworksBuildPhase;
			buildActionMask = 2147483647;
			files = (
			);
			runOnlyForDeploymentPostprocessing = 0;
		};
/* End PBXFrameworksBuildPhase section */

/* Begin PBXGroup section */
		B53DDB661F4C022B00F207F7 = {
			isa = PBXGroup;
			children = (
				B53DDB711F4C022B00F207F7 /* HappyAppointmentTaxi */,
				B53DDB8B1F4C022C00F207F7 /* HappyAppointmentTaxiTests */,
				B53DDB961F4C022C00F207F7 /* HappyAppointmentTaxiUITests */,
				B53DDB701F4C022B00F207F7 /* Products */,
			);
			sourceTree = "<group>";
		};
		B53DDB701F4C022B00F207F7 /* Products */ = {
			isa = PBXGroup;
			children = (
				B53DDB6F1F4C022B00F207F7 /* HappyAppointmentTaxi.app */,
				B53DDB881F4C022C00F207F7 /* HappyAppointmentTaxiTests.xctest */,
				B53DDB931F4C022C00F207F7 /* HappyAppointmentTaxiUITests.xctest */,
			);
			name = Products;
			sourceTree = "<group>";
		};
		B53DDB711F4C022B00F207F7 /* HappyAppointmentTaxi */ = {
			isa = PBXGroup;
			children = (
				B53DDB751F4C022B00F207F7 /* AppDelegate.h */,
				B53DDB761F4C022B00F207F7 /* AppDelegate.m */,
				B53DDB781F4C022B00F207F7 /* ViewController.h */,
				B53DDB791F4C022B00F207F7 /* ViewController.m */,
				B53DDB7B1F4C022C00F207F7 /* Main.storyboard */,
				B53DDB7E1F4C022C00F207F7 /* Assets.xcassets */,
				B53DDB801F4C022C00F207F7 /* LaunchScreen.storyboard */,
				B53DDB831F4C022C00F207F7 /* Info.plist */,
				B53DDB721F4C022B00F207F7 /* Supporting Files */,
			);
			path = HappyAppointmentTaxi;
			sourceTree = "<group>";
		};
		B53DDB721F4C022B00F207F7 /* Supporting Files */ = {
			isa = PBXGroup;
			children = (
				B53DDB731F4C022B00F207F7 /* main.m */,
			);
			name = "Supporting Files";
			sourceTree = "<group>";
		};
		B53DDB8B1F4C022C00F207F7 /* HappyAppointmentTaxiTests */ = {
			isa = PBXGroup;
			children = (
				B53DDB8C1F4C022C00F207F7 /* HappyAppointmentTaxiTests.m */,
				B53DDB8E1F4C022C00F207F7 /* Info.plist */,
			);
			path = HappyAppointmentTaxiTests;
			sourceTree = "<group>";
		};
		B53DDB961F4C022C00F207F7 /* HappyAppointmentTaxiUITests */ = {
			isa = PBXGroup;
			children = (
				B53DDB971F4C022C00F207F7 /* HappyAppointmentTaxiUITests.m */,
				B53DDB991F4C022C00F207F7 /* Info.plist */,
			);
			path = HappyAppointmentTaxiUITests;
			sourceTree = "<group>";
		};
/* End PBXGroup section */

/* Begin PBXNativeTarget section */
		B53DDB6E1F4C022B00F207F7 /* HappyAppointmentTaxi */ = {
			isa = PBXNativeTarget;
			buildConfigurationList = B53DDB9C1F4C022C00F207F7 /* Build configuration list for PBXNativeTarget "HappyAppointmentTaxi" */;
			buildPhases = (
				B53DDB6B1F4C022B00F207F7 /* Sources */,
				B53DDB6C1F4C022B00F207F7 /* Frameworks */,
				B53DDB6D1F4C022B00F207F7 /* Resources */,
			);
			buildRules = (
			);
			dependencies = (
			);
			name = HappyAppointmentTaxi;
			productName = HappyAppointmentTaxi;
			productReference = B53DDB6F1F4C022B00F207F7 /* HappyAppointmentTaxi.app */;
			productType = "com.apple.product-type.application";
		};
		B53DDB871F4C022C00F207F7 /* HappyAppointmentTaxiTests */ = {
			isa = PBXNativeTarget;
			buildConfigurationList = B53DDB9F1F4C022C00F207F7 /* Build configuration list for PBXNativeTarget "HappyAppointmentTaxiTests" */;
			buildPhases = (
				B53DDB841F4C022C00F207F7 /* Sources */,
				B53DDB851F4C022C00F207F7 /* Frameworks */,
				B53DDB861F4C022C00F207F7 /* Resources */,
			);
			buildRules = (
			);
			dependencies = (
				B53DDB8A1F4C022C00F207F7 /* PBXTargetDependency */,
			);
			name = HappyAppointmentTaxiTests;
			productName = HappyAppointmentTaxiTests;
			productReference = B53DDB881F4C022C00F207F7 /* HappyAppointmentTaxiTests.xctest */;
			productType = "com.apple.product-type.bundle.unit-test";
		};
		B53DDB921F4C022C00F207F7 /* HappyAppointmentTaxiUITests */ = {
			isa = PBXNativeTarget;
			buildConfigurationList = B53DDBA21F4C022C00F207F7 /* Build configuration list for PBXNativeTarget "HappyAppointmentTaxiUITests" */;
			buildPhases = (
				B53DDB8F1F4C022C00F207F7 /* Sources */,
				B53DDB901F4C022C00F207F7 /* Frameworks */,
				B53DDB911F4C022C00F207F7 /* Resources */,
			);
			buildRules = (
			);
			dependencies = (
				B53DDB951F4C022C00F207F7 /* PBXTargetDependency */,
			);
			name = HappyAppointmentTaxiUITests;
			productName = HappyAppointmentTaxiUITests;
			productReference = B53DDB931F4C022C00F207F7 /* HappyAppointmentTaxiUITests.xctest */;
			productType = "com.apple.product-type.bundle.ui-testing";
		};
/* End PBXNativeTarget section */

/* Begin PBXProject section */
		B53DDB671F4C022B00F207F7 /* Project object */ = {
			isa = PBXProject;
			attributes = {
				LastUpgradeCheck = 0830;
				ORGANIZATIONNAME = highles;
				TargetAttributes = {
					B53DDB6E1F4C022B00F207F7 = {
						CreatedOnToolsVersion = 8.3.3;
						DevelopmentTeam = P7862TH5TN;
						ProvisioningStyle = Automatic;
					};
					B53DDB871F4C022C00F207F7 = {
						CreatedOnToolsVersion = 8.3.3;
						DevelopmentTeam = P7862TH5TN;
						ProvisioningStyle = Automatic;
						TestTargetID = B53DDB6E1F4C022B00F207F7;
					};
					B53DDB921F4C022C00F207F7 = {
						CreatedOnToolsVersion = 8.3.3;
						DevelopmentTeam = P7862TH5TN;
						ProvisioningStyle = Automatic;
						TestTargetID = B53DDB6E1F4C022B00F207F7;
					};
				};
			};
			buildConfigurationList = B53DDB6A1F4C022B00F207F7 /* Build configuration list for PBXProject "HappyAppointmentTaxi" */;
			compatibilityVersion = "Xcode 3.2";
			developmentRegion = English;
			hasScannedForEncodings = 0;
			knownRegions = (
				en,
				Base,
			);
			mainGroup = B53DDB661F4C022B00F207F7;
			productRefGroup = B53DDB701F4C022B00F207F7 /* Products */;
			projectDirPath = "";
			projectRoot = "";
			targets = (
				B53DDB6E1F4C022B00F207F7 /* HappyAppointmentTaxi */,
				B53DDB871F4C022C00F207F7 /* HappyAppointmentTaxiTests */,
				B53DDB921F4C022C00F207F7 /* HappyAppointmentTaxiUITests */,
			);
		};
/* End PBXProject section */

/* Begin PBXResourcesBuildPhase section */
		B53DDB6D1F4C022B00F207F7 /* Resources */ = {
			isa = PBXResourcesBuildPhase;
			buildActionMask = 2147483647;
			files = (
				B53DDB821F4C022C00F207F7 /* LaunchScreen.storyboard in Resources */,
				B53DDB7F1F4C022C00F207F7 /* Assets.xcassets in Resources */,
				B53DDB7D1F4C022C00F207F7 /* Main.storyboard in Resources */,
			);
			runOnlyForDeploymentPostprocessing = 0;
		};
		B53DDB861F4C022C00F207F7 /* Resources */ = {
			isa = PBXResourcesBuildPhase;
			buildActionMask = 2147483647;
			files = (
			);
			runOnlyForDeploymentPostprocessing = 0;
		};
		B53DDB911F4C022C00F207F7 /* Resources */ = {
			isa = PBXResourcesBuildPhase;
			buildActionMask = 2147483647;
			files = (
			);
			runOnlyForDeploymentPostprocessing = 0;
		};
/* End PBXResourcesBuildPhase section */

/* Begin PBXSourcesBuildPhase section */
		B53DDB6B1F4C022B00F207F7 /* Sources */ = {
			isa = PBXSourcesBuildPhase;
			buildActionMask = 2147483647;
			files = (
				B53DDB7A1F4C022B00F207F7 /* ViewController.m in Sources */,
				B53DDB771F4C022B00F207F7 /* AppDelegate.m in Sources */,
				B53DDB741F4C022B00F207F7 /* main.m in Sources */,
			);
			runOnlyForDeploymentPostprocessing = 0;
		};
		B53DDB841F4C022C00F207F7 /* Sources */ = {
			isa = PBXSourcesBuildPhase;
			buildActionMask = 2147483647;
			files = (
				B53DDB8D1F4C022C00F207F7 /* HappyAppointmentTaxiTests.m in Sources */,
			);
			runOnlyForDeploymentPostprocessing = 0;
		};
		B53DDB8F1F4C022C00F207F7 /* Sources */ = {
			isa = PBXSourcesBuildPhase;
			buildActionMask = 2147483647;
			files = (
				B53DDB981F4C022C00F207F7 /* HappyAppointmentTaxiUITests.m in Sources */,
			);
			runOnlyForDeploymentPostprocessing = 0;
		};
/* End PBXSourcesBuildPhase section */

/* Begin PBXTargetDependency section */
		B53DDB8A1F4C022C00F207F7 /* PBXTargetDependency */ = {
			isa = PBXTargetDependency;
			target = B53DDB6E1F4C022B00F207F7 /* HappyAppointmentTaxi */;
			targetProxy = B53DDB891F4C022C00F207F7 /* PBXContainerItemProxy */;
		};
		B53DDB951F4C022C00F207F7 /* PBXTargetDependency */ = {
			isa = PBXTargetDependency;
			target = B53DDB6E1F4C022B00F207F7 /* HappyAppointmentTaxi */;
			targetProxy = B53DDB941F4C022C00F207F7 /* PBXContainerItemProxy */;
		};
/* End PBXTargetDependency section */

/* Begin PBXVariantGroup section */
		B53DDB7B1F4C022C00F207F7 /* Main.storyboard */ = {
			isa = PBXVariantGroup;
			children = (
				B53DDB7C1F4C022C00F207F7 /* Base */,
			);
			name = Main.storyboard;
			sourceTree = "<group>";
		};
		B53DDB801F4C022C00F207F7 /* LaunchScreen.storyboard */ = {
			isa = PBXVariantGroup;
			children = (
				B53DDB811F4C022C00F207F7 /* Base */,
			);
			name = LaunchScreen.storyboard;
			sourceTree = "<group>";
		};
/* End PBXVariantGroup section */

/* Begin XCBuildConfiguration section */
		B53DDB9A1F4C022C00F207F7 /* Debug */ = {
			isa = XCBuildConfiguration;
			buildSettings = {
				ALWAYS_SEARCH_USER_PATHS = NO;
				CLANG_ANALYZER_NONNULL = YES;
				CLANG_ANALYZER_NUMBER_OBJECT_CONVERSION = YES_AGGRESSIVE;
				CLANG_CXX_LANGUAGE_STANDARD = "gnu++0x";
				CLANG_CXX_LIBRARY = "libc++";
				CLANG_ENABLE_MODULES = YES;
				CLANG_ENABLE_OBJC_ARC = YES;
				CLANG_WARN_BOOL_CONVERSION = YES;
				CLANG_WARN_CONSTANT_CONVERSION = YES;
				CLANG_WARN_DIRECT_OBJC_ISA_USAGE = YES_ERROR;
				CLANG_WARN_DOCUMENTATION_COMMENTS = YES;
				CLANG_WARN_EMPTY_BODY = YES;
				CLANG_WARN_ENUM_CONVERSION = YES;
				CLANG_WARN_INFINITE_RECURSION = YES;
				CLANG_WARN_INT_CONVERSION = YES;
				CLANG_WARN_OBJC_ROOT_CLASS = YES_ERROR;
				CLANG_WARN_SUSPICIOUS_MOVE = YES;
				CLANG_WARN_UNREACHABLE_CODE = YES;
				CLANG_WARN__DUPLICATE_METHOD_MATCH = YES;
				"CODE_SIGN_IDENTITY[sdk=iphoneos*]" = "iPhone Developer";
				COPY_PHASE_STRIP = NO;
				DEBUG_INFORMATION_FORMAT = dwarf;
				ENABLE_STRICT_OBJC_MSGSEND = YES;
				ENABLE_TESTABILITY = YES;
				GCC_C_LANGUAGE_STANDARD = gnu99;
				GCC_DYNAMIC_NO_PIC = NO;
				GCC_NO_COMMON_BLOCKS = YES;
				GCC_OPTIMIZATION_LEVEL = 0;
				GCC_PREPROCESSOR_DEFINITIONS = (
					"DEBUG=1",
					"$(inherited)",
				);
				GCC_WARN_64_TO_32_BIT_CONVERSION = YES;
				GCC_WARN_ABOUT_RETURN_TYPE = YES_ERROR;
				GCC_WARN_UNDECLARED_SELECTOR = YES;
				GCC_WARN_UNINITIALIZED_AUTOS = YES_AGGRESSIVE;
				GCC_WARN_UNUSED_FUNCTION = YES;
				GCC_WARN_UNUSED_VARIABLE = YES;
				IPHONEOS_DEPLOYMENT_TARGET = 10.3;
				MTL_ENABLE_DEBUG_INFO = YES;
				ONLY_ACTIVE_ARCH = YES;
				SDKROOT = iphoneos;
			};
			name = Debug;
		};
		B53DDB9B1F4C022C00F207F7 /* Release */ = {
			isa = XCBuildConfiguration;
			buildSettings = {
				ALWAYS_SEARCH_USER_PATHS = NO;
				CLANG_ANALYZER_NONNULL = YES;
				CLANG_ANALYZER_NUMBER_OBJECT_CONVERSION = YES_AGGRESSIVE;
				CLANG_CXX_LANGUAGE_STANDARD = "gnu++0x";
				CLANG_CXX_LIBRARY = "libc++";
				CLANG_ENABLE_MODULES = YES;
				CLANG_ENABLE_OBJC_ARC = YES;
				CLANG_WARN_BOOL_CONVERSION = YES;
				CLANG_WARN_CONSTANT_CONVERSION = YES;
				CLANG_WARN_DIRECT_OBJC_ISA_USAGE = YES_ERROR;
				CLANG_WARN_DOCUMENTATION_COMMENTS = YES;
				CLANG_WARN_EMPTY_BODY = YES;
				CLANG_WARN_ENUM_CONVERSION = YES;
				CLANG_WARN_INFINITE_RECURSION = YES;
				CLANG_WARN_INT_CONVERSION = YES;
				CLANG_WARN_OBJC_ROOT_CLASS = YES_ERROR;
				CLANG_WARN_SUSPICIOUS_MOVE = YES;
				CLANG_WARN_UNREACHABLE_CODE = YES;
				CLANG_WARN__DUPLICATE_METHOD_MATCH = YES;
				"CODE_SIGN_IDENTITY[sdk=iphoneos*]" = "iPhone Developer";
				COPY_PHASE_STRIP = NO;
				DEBUG_INFORMATION_FORMAT = "dwarf-with-dsym";
				ENABLE_NS_ASSERTIONS = NO;
				ENABLE_STRICT_OBJC_MSGSEND = YES;
				GCC_C_LANGUAGE_STANDARD = gnu99;
				GCC_NO_COMMON_BLOCKS = YES;
				GCC_WARN_64_TO_32_BIT_CONVERSION = YES;
				GCC_WARN_ABOUT_RETURN_TYPE = YES_ERROR;
				GCC_WARN_UNDECLARED_SELECTOR = YES;
				GCC_WARN_UNINITIALIZED_AUTOS = YES_AGGRESSIVE;
				GCC_WARN_UNUSED_FUNCTION = YES;
				GCC_WARN_UNUSED_VARIABLE = YES;
				IPHONEOS_DEPLOYMENT_TARGET = 10.3;
				MTL_ENABLE_DEBUG_INFO = NO;
				SDKROOT = iphoneos;
				VALIDATE_PRODUCT = YES;
			};
			name = Release;
		};
		B53DDB9D1F4C022C00F207F7 /* Debug */ = {
			isa = XCBuildConfiguration;
			buildSettings = {
				ASSETCATALOG_COMPILER_APPICON_NAME = AppIcon;
				DEVELOPMENT_TEAM = P7862TH5TN;
				INFOPLIST_FILE = HappyAppointmentTaxi/Info.plist;
				LD_RUNPATH_SEARCH_PATHS = "$(inherited) @executable_path/Frameworks";
				PRODUCT_BUNDLE_IDENTIFIER = com.highles.HappyAppointmentTaxi;
				PRODUCT_NAME = "$(TARGET_NAME)";
			};
			name = Debug;
		};
		B53DDB9E1F4C022C00F207F7 /* Release */ = {
			isa = XCBuildConfiguration;
			buildSettings = {
				ASSETCATALOG_COMPILER_APPICON_NAME = AppIcon;
				DEVELOPMENT_TEAM = P7862TH5TN;
				INFOPLIST_FILE = HappyAppointmentTaxi/Info.plist;
				LD_RUNPATH_SEARCH_PATHS = "$(inherited) @executable_path/Frameworks";
				PRODUCT_BUNDLE_IDENTIFIER = com.highles.HappyAppointmentTaxi;
				PRODUCT_NAME = "$(TARGET_NAME)";
			};
			name = Release;
		};
		B53DDBA01F4C022C00F207F7 /* Debug */ = {
			isa = XCBuildConfiguration;
			buildSettings = {
				BUNDLE_LOADER = "$(TEST_HOST)";
				DEVELOPMENT_TEAM = P7862TH5TN;
				INFOPLIST_FILE = HappyAppointmentTaxiTests/Info.plist;
				LD_RUNPATH_SEARCH_PATHS = "$(inherited) @executable_path/Frameworks @loader_path/Frameworks";
				PRODUCT_BUNDLE_IDENTIFIER = com.highles.HappyAppointmentTaxiTests;
				PRODUCT_NAME = "$(TARGET_NAME)";
				TEST_HOST = "$(BUILT_PRODUCTS_DIR)/HappyAppointmentTaxi.app/HappyAppointmentTaxi";
			};
			name = Debug;
		};
		B53DDBA11F4C022C00F207F7 /* Release */ = {
			isa = XCBuildConfiguration;
			buildSettings = {
				BUNDLE_LOADER = "$(TEST_HOST)";
				DEVELOPMENT_TEAM = P7862TH5TN;
				INFOPLIST_FILE = HappyAppointmentTaxiTests/Info.plist;
				LD_RUNPATH_SEARCH_PATHS = "$(inherited) @executable_path/Frameworks @loader_path/Frameworks";
				PRODUCT_BUNDLE_IDENTIFIER = com.highles.HappyAppointmentTaxiTests;
				PRODUCT_NAME = "$(TARGET_NAME)";
				TEST_HOST = "$(BUILT_PRODUCTS_DIR)/HappyAppointmentTaxi.app/HappyAppointmentTaxi";
			};
			name = Release;
		};
		B53DDBA31F4C022C00F207F7 /* Debug */ = {
			isa = XCBuildConfiguration;
			buildSettings = {
				DEVELOPMENT_TEAM = P7862TH5TN;
				INFOPLIST_FILE = HappyAppointmentTaxiUITests/Info.plist;
				LD_RUNPATH_SEARCH_PATHS = "$(inherited) @executable_path/Frameworks @loader_path/Frameworks";
				PRODUCT_BUNDLE_IDENTIFIER = com.highles.HappyAppointmentTaxiUITests;
				PRODUCT_NAME = "$(TARGET_NAME)";
				TEST_TARGET_NAME = HappyAppointmentTaxi;
			};
			name = Debug;
		};
		B53DDBA41F4C022C00F207F7 /* Release */ = {
			isa = XCBuildConfiguration;
			buildSettings = {
				DEVELOPMENT_TEAM = P7862TH5TN;
				INFOPLIST_FILE = HappyAppointmentTaxiUITests/Info.plist;
				LD_RUNPATH_SEARCH_PATHS = "$(inherited) @executable_path/Frameworks @loader_path/Frameworks";
				PRODUCT_BUNDLE_IDENTIFIER = com.highles.HappyAppointmentTaxiUITests;
				PRODUCT_NAME = "$(TARGET_NAME)";
				TEST_TARGET_NAME = HappyAppointmentTaxi;
			};
			name = Release;
		};
/* End XCBuildConfiguration section */

/* Begin XCConfigurationList section */
		B53DDB6A1F4C022B00F207F7 /* Build configuration list for PBXProject "HappyAppointmentTaxi" */ = {
			isa = XCConfigurationList;
			buildConfigurations = (
				B53DDB9A1F4C022C00F207F7 /* Debug */,
				B53DDB9B1F4C022C00F207F7 /* Release */,
			);
			defaultConfigurationIsVisible = 0;
			defaultConfigurationName = Release;
		};
		B53DDB9C1F4C022C00F207F7 /* Build configuration list for PBXNativeTarget "HappyAppointmentTaxi" */ = {
			isa = XCConfigurationList;
			buildConfigurations = (
				B53DDB9D1F4C022C00F207F7 /* Debug */,
				B53DDB9E1F4C022C00F207F7 /* Release */,
			);
			defaultConfigurationIsVisible = 0;
		};
		B53DDB9F1F4C022C00F207F7 /* Build configuration list for PBXNativeTarget "HappyAppointmentTaxiTests" */ = {
			isa = XCConfigurationList;
			buildConfigurations = (
				B53DDBA01F4C022C00F207F7 /* Debug */,
				B53DDBA11F4C022C00F207F7 /* Release */,
			);
			defaultConfigurationIsVisible = 0;
		};
		B53DDBA21F4C022C00F207F7 /* Build configuration list for PBXNativeTarget "HappyAppointmentTaxiUITests" */ = {
			isa = XCConfigurationList;
			buildConfigurations = (
				B53DDBA31F4C022C00F207F7 /* Debug */,
				B53DDBA41F4C022C00F207F7 /* Release */,
			);
			defaultConfigurationIsVisible = 0;
		};
/* End XCConfigurationList section */
	};
	rootObject = B53DDB671F4C022B00F207F7 /* Project object */;
}
